
Microsoft Visual Studio Solution File, Format Version 12.00
# Visual Studio Version 16
VisualStudioVersion = 16.0.31424.327
MinimumVisualStudioVersion = 10.0.40219.1
Project("{9A19103F-16F7-4668-BE54-9A1E7A4F7556}") = "LinearSearch", "LinearSearch\LinearSearch.csproj", "{EF4691DB-DEE1-4D8A-AE73-747049F7DD6F}"
EndProject
Project("{FAE04EC0-301F-11D3-BF4B-00C04F79EFBC}") = "BinarySearch", "BinarySearch\BinarySearch.csproj", "{15C61794-361A-41EE-B4A0-389E53C3E4CE}"
EndProject
Global
	GlobalSection(SolutionConfigurationPlatforms) = preSolution
		Debug|Any CPU = Debug|Any CPU
		Release|Any CPU = Release|Any CPU
	EndGlobalSection
	GlobalSection(ProjectConfigurationPlatforms) = postSolution
		{EF4691DB-DEE1-4D8A-AE73-747049F7DD6F}.Debug|Any CPU.ActiveCfg = Debug|Any CPU
		{EF4691DB-DEE1-4D8A-AE73-747049F7DD6F}.Debug|Any CPU.Build.0 = Debug|Any CPU
		{EF4691DB-DEE1-4D8A-AE73-747049F7DD6F}.Release|Any CPU.ActiveCfg = Release|Any CPU
		{EF4691DB-DEE1-4D8A-AE73-747049F7DD6F}.Release|Any CPU.Build.0 = Release|Any CPU
		{15C61794-361A-41EE-B4A0-389E53C3E4CE}.Debug|Any CPU.ActiveCfg = Debug|Any CPU
		{15C61794-361A-41EE-B4A0-389E53C3E4CE}.Debug|Any CPU.Build.0 = Debug|Any CPU
		{15C61794-361A-41EE-B4A0-389E53C3E4CE}.Release|Any CPU.ActiveCfg = Release|Any CPU
		{15C61794-361A-41EE-B4A0-389E53C3E4CE}.Release|Any CPU.Build.0 = Release|Any CPU
	EndGlobalSection
	GlobalSection(SolutionProperties) = preSolution
		HideSolutionNode = FALSE
	EndGlobalSection
	GlobalSection(ExtensibilityGlobals) = postSolution
		SolutionGuid = {A56FE603-3082-4781-9A4E-9FEDFED62EB2}
	EndGlobalSection
EndGlobal
